
Microsoft Visual Studio Solution File, Format Version 12.00
# Visual Studio Version 17
VisualStudioVersion = 17.12.35728.132 d17.12
MinimumVisualStudioVersion = 10.0.40219.1
Project("{FAE04EC0-301F-11D3-BF4B-00C04F79EFBC}") = "ENT", "ENT\ENT.csproj", "{951CC975-1BE7-4E6F-86CF-E77EB8B63386}"
EndProject
Project("{2150E333-8FDC-42A3-9474-1A3956D46DE8}") = "txt", "txt", "{83641DC7-B6D6-42B8-8561-B2F5B5359581}"
	ProjectSection(SolutionItems) = preProject
		TextFile1.txt = TextFile1.txt
	EndProjectSection
EndProject
Project("{FAE04EC0-301F-11D3-BF4B-00C04F79EFBC}") = "ASP", "ASP\ASP.csproj", "{4F5D78FF-F9B3-4471-B416-63D2A87519C2}"
EndProject
Project("{FAE04EC0-301F-11D3-BF4B-00C04F79EFBC}") = "MAUI", "MAUI\MAUI.csproj", "{76EC5012-20F6-4500-984A-F3E089CBDE1E}"
EndProject
Project("{FAE04EC0-301F-11D3-BF4B-00C04F79EFBC}") = "FUNC", "FUNC\FUNC.csproj", "{3C68B1BF-8315-46AF-A1C6-BCFC298B123B}"
EndProject
Global
	GlobalSection(SolutionConfigurationPlatforms) = preSolution
		Debug|Any CPU = Debug|Any CPU
		Release|Any CPU = Release|Any CPU
	EndGlobalSection
	GlobalSection(ProjectConfigurationPlatforms) = postSolution
		{951CC975-1BE7-4E6F-86CF-E77EB8B63386}.Debug|Any CPU.ActiveCfg = Debug|Any CPU
		{951CC975-1BE7-4E6F-86CF-E77EB8B63386}.Debug|Any CPU.Build.0 = Debug|Any CPU
		{951CC975-1BE7-4E6F-86CF-E77EB8B63386}.Release|Any CPU.ActiveCfg = Release|Any CPU
		{951CC975-1BE7-4E6F-86CF-E77EB8B63386}.Release|Any CPU.Build.0 = Release|Any CPU
		{4F5D78FF-F9B3-4471-B416-63D2A87519C2}.Debug|Any CPU.ActiveCfg = Debug|Any CPU
		{4F5D78FF-F9B3-4471-B416-63D2A87519C2}.Debug|Any CPU.Build.0 = Debug|Any CPU
		{4F5D78FF-F9B3-4471-B416-63D2A87519C2}.Release|Any CPU.ActiveCfg = Release|Any CPU
		{4F5D78FF-F9B3-4471-B416-63D2A87519C2}.Release|Any CPU.Build.0 = Release|Any CPU
		{76EC5012-20F6-4500-984A-F3E089CBDE1E}.Debug|Any CPU.ActiveCfg = Debug|Any CPU
		{76EC5012-20F6-4500-984A-F3E089CBDE1E}.Debug|Any CPU.Build.0 = Debug|Any CPU
		{76EC5012-20F6-4500-984A-F3E089CBDE1E}.Debug|Any CPU.Deploy.0 = Debug|Any CPU
		{76EC5012-20F6-4500-984A-F3E089CBDE1E}.Release|Any CPU.ActiveCfg = Release|Any CPU
		{76EC5012-20F6-4500-984A-F3E089CBDE1E}.Release|Any CPU.Build.0 = Release|Any CPU
		{76EC5012-20F6-4500-984A-F3E089CBDE1E}.Release|Any CPU.Deploy.0 = Release|Any CPU
		{3C68B1BF-8315-46AF-A1C6-BCFC298B123B}.Debug|Any CPU.ActiveCfg = Debug|Any CPU
		{3C68B1BF-8315-46AF-A1C6-BCFC298B123B}.Debug|Any CPU.Build.0 = Debug|Any CPU
		{3C68B1BF-8315-46AF-A1C6-BCFC298B123B}.Release|Any CPU.ActiveCfg = Release|Any CPU
		{3C68B1BF-8315-46AF-A1C6-BCFC298B123B}.Release|Any CPU.Build.0 = Release|Any CPU
	EndGlobalSection
	GlobalSection(SolutionProperties) = preSolution
		HideSolutionNode = FALSE
	EndGlobalSection
EndGlobal
